
Microsoft Visual Studio Solution File, Format Version 12.00
# Visual Studio 15
VisualStudioVersion = 15.0.27004.2005
MinimumVisualStudioVersion = 10.0.40219.1
Project("{9A19103F-16F7-4668-BE54-9A1E7A4F7556}") = "SimpleFts.Tests", "SimpleFts.Tests\SimpleFts.Tests.csproj", "{DE09E0C5-0DE2-4EFB-9213-25348D56FF32}"
EndProject
Project("{9A19103F-16F7-4668-BE54-9A1E7A4F7556}") = "SimpleFts.Core", "SimpleFts.Core\SimpleFts.Core.csproj", "{8E715D15-A5A9-438F-8A2D-A9B487AF2409}"
EndProject
Project("{9A19103F-16F7-4668-BE54-9A1E7A4F7556}") = "SimpleFts.LoadTests", "SimpleFts.LoadTests\SimpleFts.LoadTests.csproj", "{BC4B99C8-FAB9-4AD4-84B9-A9CE54DE57D3}"
EndProject
Global
	GlobalSection(Performance) = preSolution
		HasPerformanceSessions = true
	EndGlobalSection
	GlobalSection(SolutionConfigurationPlatforms) = preSolution
		Debug|Any CPU = Debug|Any CPU
		Release|Any CPU = Release|Any CPU
	EndGlobalSection
	GlobalSection(ProjectConfigurationPlatforms) = postSolution
		{DE09E0C5-0DE2-4EFB-9213-25348D56FF32}.Debug|Any CPU.ActiveCfg = Debug|Any CPU
		{DE09E0C5-0DE2-4EFB-9213-25348D56FF32}.Debug|Any CPU.Build.0 = Debug|Any CPU
		{DE09E0C5-0DE2-4EFB-9213-25348D56FF32}.Release|Any CPU.ActiveCfg = Release|Any CPU
		{DE09E0C5-0DE2-4EFB-9213-25348D56FF32}.Release|Any CPU.Build.0 = Release|Any CPU
		{8E715D15-A5A9-438F-8A2D-A9B487AF2409}.Debug|Any CPU.ActiveCfg = Debug|Any CPU
		{8E715D15-A5A9-438F-8A2D-A9B487AF2409}.Debug|Any CPU.Build.0 = Debug|Any CPU
		{8E715D15-A5A9-438F-8A2D-A9B487AF2409}.Release|Any CPU.ActiveCfg = Release|Any CPU
		{8E715D15-A5A9-438F-8A2D-A9B487AF2409}.Release|Any CPU.Build.0 = Release|Any CPU
		{BC4B99C8-FAB9-4AD4-84B9-A9CE54DE57D3}.Debug|Any CPU.ActiveCfg = Debug|Any CPU
		{BC4B99C8-FAB9-4AD4-84B9-A9CE54DE57D3}.Debug|Any CPU.Build.0 = Debug|Any CPU
		{BC4B99C8-FAB9-4AD4-84B9-A9CE54DE57D3}.Release|Any CPU.ActiveCfg = Release|Any CPU
		{BC4B99C8-FAB9-4AD4-84B9-A9CE54DE57D3}.Release|Any CPU.Build.0 = Release|Any CPU
	EndGlobalSection
	GlobalSection(SolutionProperties) = preSolution
		HideSolutionNode = FALSE
	EndGlobalSection
	GlobalSection(ExtensibilityGlobals) = postSolution
		SolutionGuid = {72367DDA-FA7C-49BD-A352-C4D4BAFB43DD}
	EndGlobalSection
	GlobalSection(Performance) = preSolution
		HasPerformanceSessions = true
	EndGlobalSection
	GlobalSection(Performance) = preSolution
		HasPerformanceSessions = true
	EndGlobalSection
EndGlobal
